
Microsoft Visual Studio Solution File, Format Version 12.00
Project("{FAE04EC0-301F-11D3-BF4B-00C04F79EFBC}") = "Poprawa 2", "Poprawa 2.csproj", "{59D89794-7CE0-4EDA-BBAA-B12D624A614F}"
EndProject
Global
	GlobalSection(SolutionConfigurationPlatforms) = preSolution
		Debug|Any CPU = Debug|Any CPU
		Release|Any CPU = Release|Any CPU
	EndGlobalSection
	GlobalSection(ProjectConfigurationPlatforms) = postSolution
		{59D89794-7CE0-4EDA-BBAA-B12D624A614F}.Debug|Any CPU.ActiveCfg = Debug|Any CPU
		{59D89794-7CE0-4EDA-BBAA-B12D624A614F}.Debug|Any CPU.Build.0 = Debug|Any CPU
		{59D89794-7CE0-4EDA-BBAA-B12D624A614F}.Release|Any CPU.ActiveCfg = Release|Any CPU
		{59D89794-7CE0-4EDA-BBAA-B12D624A614F}.Release|Any CPU.Build.0 = Release|Any CPU
	EndGlobalSection
EndGlobal
